
Microsoft Visual Studio Solution File, Format Version 12.00
# Visual Studio Version 16
VisualStudioVersion = 16.0.30028.174
MinimumVisualStudioVersion = 10.0.40219.1
Project("{FAE04EC0-301F-11D3-BF4B-00C04F79EFBC}") = "CrossPlatformMultiplayer", "CrossPlatformMultiplayer\CrossPlatformMultiplayer.csproj", "{D478F2A0-EC5D-48BE-9009-9DE76C713E32}"
EndProject
Project("{9A19103F-16F7-4668-BE54-9A1E7A4F7556}") = "MasterServer", "MasterServer\MasterServer.csproj", "{9EC7B139-9CD3-4343-9958-E04E80231B91}"
EndProject
Project("{FAE04EC0-301F-11D3-BF4B-00C04F79EFBC}") = "SampleClient", "SampleClient\SampleClient.csproj", "{99D30C06-8F72-4E33-8152-6A555C087DBB}"
EndProject
Global
	GlobalSection(SolutionConfigurationPlatforms) = preSolution
		Debug|Any CPU = Debug|Any CPU
		Release|Any CPU = Release|Any CPU
	EndGlobalSection
	GlobalSection(ProjectConfigurationPlatforms) = postSolution
		{D478F2A0-EC5D-48BE-9009-9DE76C713E32}.Debug|Any CPU.ActiveCfg = Debug|Any CPU
		{D478F2A0-EC5D-48BE-9009-9DE76C713E32}.Debug|Any CPU.Build.0 = Debug|Any CPU
		{D478F2A0-EC5D-48BE-9009-9DE76C713E32}.Release|Any CPU.ActiveCfg = Release|Any CPU
		{D478F2A0-EC5D-48BE-9009-9DE76C713E32}.Release|Any CPU.Build.0 = Release|Any CPU
		{9EC7B139-9CD3-4343-9958-E04E80231B91}.Debug|Any CPU.ActiveCfg = Debug|Any CPU
		{9EC7B139-9CD3-4343-9958-E04E80231B91}.Debug|Any CPU.Build.0 = Debug|Any CPU
		{9EC7B139-9CD3-4343-9958-E04E80231B91}.Release|Any CPU.ActiveCfg = Release|Any CPU
		{9EC7B139-9CD3-4343-9958-E04E80231B91}.Release|Any CPU.Build.0 = Release|Any CPU
		{99D30C06-8F72-4E33-8152-6A555C087DBB}.Debug|Any CPU.ActiveCfg = Debug|Any CPU
		{99D30C06-8F72-4E33-8152-6A555C087DBB}.Debug|Any CPU.Build.0 = Debug|Any CPU
		{99D30C06-8F72-4E33-8152-6A555C087DBB}.Release|Any CPU.ActiveCfg = Release|Any CPU
		{99D30C06-8F72-4E33-8152-6A555C087DBB}.Release|Any CPU.Build.0 = Release|Any CPU
	EndGlobalSection
	GlobalSection(SolutionProperties) = preSolution
		HideSolutionNode = FALSE
	EndGlobalSection
	GlobalSection(ExtensibilityGlobals) = postSolution
		SolutionGuid = {B735C78A-472A-4217-AEAA-D2040CAE9F29}
	EndGlobalSection
EndGlobal
